
Microsoft Visual Studio Solution File, Format Version 12.00
# Visual Studio Version 17
VisualStudioVersion = 17.8.34330.188
MinimumVisualStudioVersion = 10.0.40219.1
Project("{FAE04EC0-301F-11D3-BF4B-00C04F79EFBC}") = "Test magang", "Test magang\Test magang.csproj", "{9A3ADA0D-AFD4-49FA-A23D-61FE0B6E101A}"
EndProject
Global
	GlobalSection(SolutionConfigurationPlatforms) = preSolution
		Debug|Any CPU = Debug|Any CPU
		Release|Any CPU = Release|Any CPU
	EndGlobalSection
	GlobalSection(ProjectConfigurationPlatforms) = postSolution
		{9A3ADA0D-AFD4-49FA-A23D-61FE0B6E101A}.Debug|Any CPU.ActiveCfg = Debug|Any CPU
		{9A3ADA0D-AFD4-49FA-A23D-61FE0B6E101A}.Debug|Any CPU.Build.0 = Debug|Any CPU
		{9A3ADA0D-AFD4-49FA-A23D-61FE0B6E101A}.Release|Any CPU.ActiveCfg = Release|Any CPU
		{9A3ADA0D-AFD4-49FA-A23D-61FE0B6E101A}.Release|Any CPU.Build.0 = Release|Any CPU
	EndGlobalSection
	GlobalSection(SolutionProperties) = preSolution
		HideSolutionNode = FALSE
	EndGlobalSection
	GlobalSection(ExtensibilityGlobals) = postSolution
		SolutionGuid = {8E5D909D-2F22-4848-AB5A-91BE1F216D8F}
	EndGlobalSection
EndGlobal
